
Microsoft Visual Studio Solution File, Format Version 12.00
# Visual Studio Version 17
VisualStudioVersion = 17.7.34031.279
MinimumVisualStudioVersion = 10.0.40219.1
Project("{8BC9CEB8-8B4A-11D0-8D11-00A0C91BC942}") = "N", "N.vcxproj", "{E0E4C1FD-8577-4F04-9CEC-07310C594F5B}"
EndProject
Global
	GlobalSection(SolutionConfigurationPlatforms) = preSolution
		Debug|x64 = Debug|x64
		Debug|x86 = Debug|x86
		Release|x64 = Release|x64
		Release|x86 = Release|x86
	EndGlobalSection
	GlobalSection(ProjectConfigurationPlatforms) = postSolution
		{E0E4C1FD-8577-4F04-9CEC-07310C594F5B}.Debug|x64.ActiveCfg = Debug|x64
		{E0E4C1FD-8577-4F04-9CEC-07310C594F5B}.Debug|x64.Build.0 = Debug|x64
		{E0E4C1FD-8577-4F04-9CEC-07310C594F5B}.Debug|x86.ActiveCfg = Debug|Win32
		{E0E4C1FD-8577-4F04-9CEC-07310C594F5B}.Debug|x86.Build.0 = Debug|Win32
		{E0E4C1FD-8577-4F04-9CEC-07310C594F5B}.Release|x64.ActiveCfg = Release|x64
		{E0E4C1FD-8577-4F04-9CEC-07310C594F5B}.Release|x64.Build.0 = Release|x64
		{E0E4C1FD-8577-4F04-9CEC-07310C594F5B}.Release|x86.ActiveCfg = Release|Win32
		{E0E4C1FD-8577-4F04-9CEC-07310C594F5B}.Release|x86.Build.0 = Release|Win32
	EndGlobalSection
	GlobalSection(SolutionProperties) = preSolution
		HideSolutionNode = FALSE
	EndGlobalSection
	GlobalSection(ExtensibilityGlobals) = postSolution
		SolutionGuid = {552BAE38-56C8-4D09-B340-AABC5EBF6C53}
	EndGlobalSection
EndGlobal
